PODS:
  - IAMPASSiOS (0.0.64)

DEPENDENCIES:
  - IAMPASSiOS (from `/Users/jasonmullings1/local-repo/IAMPASSiOS`)

EXTERNAL SOURCES:
  IAMPASSiOS:
    :path: "/Users/jasonmullings1/local-repo/IAMPASSiOS"

SPEC CHECKSUMS:
  IAMPASSiOS: b269e17e17d6369930a7a7aee1701c3a5f2d9ca8

PODFILE CHECKSUM: 4cd9f82011b3596a51a27b78a3c2cd1024548b15

COCOAPODS: 1.11.3
